
Microsoft Visual Studio Solution File, Format Version 12.00
# Visual Studio Version 17
VisualStudioVersion = 17.5.002.0
MinimumVisualStudioVersion = 10.0.40219.1
Project("{9A19103F-16F7-4668-BE54-9A1E7A4F7556}") = "AuthenCard", "AuthenCard.csproj", "{6DD80FE2-4F0B-44CE-A18E-A7B787FFB2B2}"
EndProject
Global
	GlobalSection(SolutionConfigurationPlatforms) = preSolution
		Debug|Any CPU = Debug|Any CPU
		Release|Any CPU = Release|Any CPU
	EndGlobalSection
	GlobalSection(ProjectConfigurationPlatforms) = postSolution
		{6DD80FE2-4F0B-44CE-A18E-A7B787FFB2B2}.Debug|Any CPU.ActiveCfg = Debug|Any CPU
		{6DD80FE2-4F0B-44CE-A18E-A7B787FFB2B2}.Debug|Any CPU.Build.0 = Debug|Any CPU
		{6DD80FE2-4F0B-44CE-A18E-A7B787FFB2B2}.Release|Any CPU.ActiveCfg = Release|Any CPU
		{6DD80FE2-4F0B-44CE-A18E-A7B787FFB2B2}.Release|Any CPU.Build.0 = Release|Any CPU
	EndGlobalSection
	GlobalSection(SolutionProperties) = preSolution
		HideSolutionNode = FALSE
	EndGlobalSection
	GlobalSection(ExtensibilityGlobals) = postSolution
		SolutionGuid = {BEE7C5B6-47D7-4EC6-9516-836AEF948529}
	EndGlobalSection
EndGlobal
